
Microsoft Visual Studio Solution File, Format Version 12.00
# Visual Studio Version 17
VisualStudioVersion = 17.4.33213.308
MinimumVisualStudioVersion = 10.0.40219.1
Project("{9A19103F-16F7-4668-BE54-9A1E7A4F7556}") = "WF_PusleGame1", "WF_PusleGame1\WF_PusleGame1.csproj", "{7B72582E-CCCF-494E-A470-7F4BD0746A38}"
EndProject
Global
	GlobalSection(SolutionConfigurationPlatforms) = preSolution
		Debug|Any CPU = Debug|Any CPU
		Release|Any CPU = Release|Any CPU
	EndGlobalSection
	GlobalSection(ProjectConfigurationPlatforms) = postSolution
		{7B72582E-CCCF-494E-A470-7F4BD0746A38}.Debug|Any CPU.ActiveCfg = Debug|Any CPU
		{7B72582E-CCCF-494E-A470-7F4BD0746A38}.Debug|Any CPU.Build.0 = Debug|Any CPU
		{7B72582E-CCCF-494E-A470-7F4BD0746A38}.Release|Any CPU.ActiveCfg = Release|Any CPU
		{7B72582E-CCCF-494E-A470-7F4BD0746A38}.Release|Any CPU.Build.0 = Release|Any CPU
	EndGlobalSection
	GlobalSection(SolutionProperties) = preSolution
		HideSolutionNode = FALSE
	EndGlobalSection
	GlobalSection(ExtensibilityGlobals) = postSolution
		SolutionGuid = {7E94DC01-7B3F-433A-B97E-CCEACBA003D2}
	EndGlobalSection
EndGlobal
